{
  "version": 4,
  "terraform_version": "1.5.1",
  "serial": 152,
  "lineage": "0f99843a-296c-bcf8-15ef-7d099ad645ce",
  "outputs": {},
  "resources": [
    {
      "mode": "data",
      "type": "vcd_nsxt_edgegateway",
      "name": "edgegateway",
      "provider": "provider[\"registry.terraform.io/vmware/vcd\"]",
      "instances": [
        {
          "schema_version": 0,
          "attributes": {
            "dedicate_external_network": false,
            "description": "",
            "edge_cluster_id": "909a685b-15a3-45da-8718-9733feb21cbe",
            "external_network_id": "urn:vcloud:network:a9fc159d-d1c0-462a-8f5f-aa957542739f",
            "id": "urn:vcloud:gateway:b203e496-c6a0-459f-bfcc-5935da5b01ee",
            "name": "EDGE-DUCNN30",
            "org": "ducnn30",
            "owner_id": "urn:vcloud:vdcGroup:51dedea2-c87c-4fb0-9073-b2f5f343f250",
            "primary_ip": "103.160.79.202",
            "subnet": [
              {
                "allocated_ips": [
                  {
                    "end_address": "103.160.79.202",
                    "start_address": "103.160.79.202"
                  }
                ],
                "gateway": "103.160.79.193",
                "prefix_length": 28,
                "primary_ip": "103.160.79.202"
              }
            ],
            "subnet_with_ip_count": [
              {
                "allocated_ip_count": 0,
                "gateway": "100.72.255.241",
                "prefix_length": 28,
                "primary_ip": ""
              },
              {
                "allocated_ip_count": 0,
                "gateway": "102.64.0.1",
                "prefix_length": 10,
                "primary_ip": ""
              },
              {
                "allocated_ip_count": 0,
                "gateway": "103.160.79.145",
                "prefix_length": 28,
                "primary_ip": ""
              },
              {
                "allocated_ip_count": 0,
                "gateway": "103.160.79.17",
                "prefix_length": 28,
                "primary_ip": ""
              },
              {
                "allocated_ip_count": 0,
                "gateway": "103.160.79.209",
                "prefix_length": 28,
                "primary_ip": ""
              },
              {
                "allocated_ip_count": 0,
                "gateway": "103.69.0.1",
                "prefix_length": 24,
                "primary_ip": ""
              },
              {
                "allocated_ip_count": 0,
                "gateway": "169.254.169.1",
                "prefix_length": 24,
                "primary_ip": ""
              },
              {
                "allocated_ip_count": 1,
                "gateway": "103.160.79.193",
                "prefix_length": 28,
                "primary_ip": "103.160.79.202"
              }
            ],
            "subnet_with_total_ip_count": [
              {
                "gateway": "100.72.255.241",
                "prefix_length": 28,
                "primary_ip": ""
              },
              {
                "gateway": "102.64.0.1",
                "prefix_length": 10,
                "primary_ip": ""
              },
              {
                "gateway": "103.160.79.145",
                "prefix_length": 28,
                "primary_ip": ""
              },
              {
                "gateway": "103.160.79.17",
                "prefix_length": 28,
                "primary_ip": ""
              },
              {
                "gateway": "103.160.79.193",
                "prefix_length": 28,
                "primary_ip": "103.160.79.202"
              },
              {
                "gateway": "103.160.79.209",
                "prefix_length": 28,
                "primary_ip": ""
              },
              {
                "gateway": "103.69.0.1",
                "prefix_length": 24,
                "primary_ip": ""
              },
              {
                "gateway": "169.254.169.1",
                "prefix_length": 24,
                "primary_ip": ""
              }
            ],
            "total_allocated_ip_count": 1,
            "unused_ip_count": 0,
            "used_ip_count": 2,
            "vdc": "ducnn30 data"
          },
          "sensitive_attributes": []
        }
      ]
    },
    {
      "mode": "data",
      "type": "vcd_org_vdc",
      "name": "vdc1",
      "provider": "provider[\"registry.terraform.io/vmware/vcd\"]",
      "instances": [
        {
          "schema_version": 0,
          "attributes": {
            "allocation_model": "AllocationVApp",
            "allow_over_commit": null,
            "compute_capacity": [
              {
                "cpu": [
                  {
                    "allocated": 0,
                    "limit": 100000,
                    "reserved": 0,
                    "used": 0
                  }
                ],
                "memory": [
                  {
                    "allocated": 0,
                    "limit": 102400,
                    "reserved": 0,
                    "used": 0
                  }
                ]
              }
            ],
            "cpu_guaranteed": null,
            "cpu_speed": null,
            "default_compute_policy_id": "urn:vcloud:vdcComputePolicy:0ca150e6-3fb8-4592-b8b3-0ca1501946d1",
            "default_vm_sizing_policy_id": "urn:vcloud:vdcComputePolicy:0ca150e6-3fb8-4592-b8b3-0ca1501946d1",
            "description": "",
            "edge_cluster_id": "",
            "elasticity": null,
            "enable_fast_provisioning": null,
            "enable_nsxv_distributed_firewall": false,
            "enable_thin_provisioning": null,
            "enable_vm_discovery": false,
            "enabled": true,
            "id": "urn:vcloud:vdc:887b7e44-d040-4892-a35a-ecfb6ba79e08",
            "include_vm_memory_overhead": null,
            "memory_guaranteed": null,
            "metadata": {},
            "metadata_entry": [],
            "name": "VPC-ducnn30",
            "network_pool_name": null,
            "network_quota": 1000,
            "nic_quota": 0,
            "org": null,
            "provider_vdc_name": null,
            "storage_profile": [
              {
                "default": true,
                "enabled": true,
                "limit": 716800,
                "name": "Premium-SSD",
                "storage_used_in_mb": 584445
              }
            ],
            "vm_placement_policy_ids": [],
            "vm_quota": 100,
            "vm_sizing_policy_ids": [
              "urn:vcloud:vdcComputePolicy:0ca150e6-3fb8-4592-b8b3-0ca1501946d1",
              "urn:vcloud:vdcComputePolicy:37652e9a-5371-413f-8abf-2a225f25873e",
              "urn:vcloud:vdcComputePolicy:43980052-714a-40b8-8995-b939e6b26d7f",
              "urn:vcloud:vdcComputePolicy:4859c01e-f31b-49de-84de-085427fe6ea3",
              "urn:vcloud:vdcComputePolicy:767db620-a3ce-4d3f-8930-639966b2f30e",
              "urn:vcloud:vdcComputePolicy:a4cca250-530c-41fa-b069-a459a146fc5a",
              "urn:vcloud:vdcComputePolicy:aeb1ab48-bad7-4f19-9e68-41a72623cd0e",
              "urn:vcloud:vdcComputePolicy:b3c906ae-481c-49da-a943-ea0f73cb3336",
              "urn:vcloud:vdcComputePolicy:ecbe2804-a0fb-4d12-985c-1686361ed34c"
            ]
          },
          "sensitive_attributes": []
        }
      ]
    },
    {
      "mode": "data",
      "type": "vcd_vapp",
      "name": "vapp1",
      "provider": "provider[\"registry.terraform.io/vmware/vcd\"]",
      "instances": [
        {
          "schema_version": 0,
          "attributes": {
            "description": "",
            "guest_properties": null,
            "href": "https://hn01vcd.fptcloud.com/api/vApp/vapp-6f3109c4-a33e-42fc-a65f-8439f8c701c2",
            "id": "urn:vcloud:vapp:6f3109c4-a33e-42fc-a65f-8439f8c701c2",
            "lease": [
              {
                "runtime_lease_in_sec": 2592000,
                "storage_lease_in_sec": 2592000
              }
            ],
            "metadata": {},
            "metadata_entry": [],
            "name": "DEV",
            "org": "ducnn30",
            "status": 1,
            "status_text": "RESOLVED",
            "vdc": "VPC-ducnn30"
          },
          "sensitive_attributes": []
        }
      ]
    },
    {
      "mode": "data",
      "type": "vcd_vapp",
      "name": "vapp2",
      "provider": "provider[\"registry.terraform.io/vmware/vcd\"]",
      "instances": [
        {
          "schema_version": 0,
          "attributes": {
            "description": "",
            "guest_properties": null,
            "href": "https://hn01vcd.fptcloud.com/api/vApp/vapp-a2aaad6a-3175-48db-9cee-1b6c2b0fade7",
            "id": "urn:vcloud:vapp:a2aaad6a-3175-48db-9cee-1b6c2b0fade7",
            "lease": [
              {
                "runtime_lease_in_sec": 2592000,
                "storage_lease_in_sec": 2592000
              }
            ],
            "metadata": {},
            "metadata_entry": [],
            "name": "STG",
            "org": "ducnn30",
            "status": 1,
            "status_text": "RESOLVED",
            "vdc": "VPC-ducnn30"
          },
          "sensitive_attributes": []
        }
      ]
    },
    {
      "mode": "data",
      "type": "vcd_vapp",
      "name": "vapp3",
      "provider": "provider[\"registry.terraform.io/vmware/vcd\"]",
      "instances": [
        {
          "schema_version": 0,
          "attributes": {
            "description": "",
            "guest_properties": null,
            "href": "https://hn01vcd.fptcloud.com/api/vApp/vapp-6d5a6901-ef87-407c-9b1b-7f499a018aec",
            "id": "urn:vcloud:vapp:6d5a6901-ef87-407c-9b1b-7f499a018aec",
            "lease": [
              {
                "runtime_lease_in_sec": 2592000,
                "storage_lease_in_sec": 2592000
              }
            ],
            "metadata": {},
            "metadata_entry": [],
            "name": "PRD",
            "org": "ducnn30",
            "status": 1,
            "status_text": "RESOLVED",
            "vdc": "VPC-ducnn30"
          },
          "sensitive_attributes": []
        }
      ]
    },
    {
      "mode": "data",
      "type": "vcd_vdc_group",
      "name": "vdc_group",
      "provider": "provider[\"registry.terraform.io/vmware/vcd\"]",
      "instances": [
        {
          "schema_version": 0,
          "attributes": {
            "default_policy_status": false,
            "description": "",
            "dfw_enabled": true,
            "error_message": "",
            "id": "urn:vcloud:vdcGroup:51dedea2-c87c-4fb0-9073-b2f5f343f250",
            "local_egress": false,
            "name": "ducnn30 data",
            "network_pool_id": "urn:vcloud:networkpool:9e1d9775-a7c2-48e5-9c74-0a6becd5fcde",
            "network_pool_universal_id": "",
            "network_provider_type": "NSX_T",
            "org": "ducnn30",
            "participating_org_vdcs": [
              {
                "fault_domain_tag": "HFX03",
                "is_remote_org": false,
                "network_provider_scope": "HFX03",
                "org_id": "urn:vcloud:org:3aac5054-d26f-4b13-b590-5be6139a7fe6",
                "org_name": "ducnn30",
                "site_id": "urn:vcloud:site:87a94b0f-e89f-4d72-a029-f0bff30dfc16",
                "site_name": "hn01vcd.fptcloud.com",
                "status": "REALIZED",
                "vdc_id": "urn:vcloud:vdc:887b7e44-d040-4892-a35a-ecfb6ba79e08",
                "vdc_name": "VPC-ducnn30"
              }
            ],
            "status": "REALIZED",
            "type": "LOCAL",
            "universal_networking_enabled": false
          },
          "sensitive_attributes": []
        }
      ]
    },
    {
      "mode": "managed",
      "type": "vcd_nsxt_distributed_firewall",
      "name": "t1",
      "provider": "provider[\"registry.terraform.io/vmware/vcd\"]",
      "instances": [
        {
          "schema_version": 0,
          "attributes": {
            "id": "urn:vcloud:vdcGroup:51dedea2-c87c-4fb0-9073-b2f5f343f250",
            "org": "ducnn30",
            "rule": [
              {
                "action": "REJECT",
                "app_port_profile_ids": null,
                "comment": "",
                "description": "",
                "destination_groups_excluded": false,
                "destination_ids": null,
                "direction": "IN_OUT",
                "enabled": true,
                "id": "b5928fef-2da6-4ff7-af64-dade52cc3299",
                "ip_protocol": "IPV6",
                "logging": false,
                "name": "rule3",
                "network_context_profile_ids": null,
                "source_groups_excluded": false,
                "source_ids": null
              },
              {
                "action": "ALLOW",
                "app_port_profile_ids": null,
                "comment": "",
                "description": "",
                "destination_groups_excluded": false,
                "destination_ids": null,
                "direction": "OUT",
                "enabled": true,
                "id": "db83323e-3e7c-4873-b493-1c913563f10e",
                "ip_protocol": "IPV4",
                "logging": false,
                "name": "rule4",
                "network_context_profile_ids": null,
                "source_groups_excluded": false,
                "source_ids": null
              }
            ],
            "vdc_group_id": "urn:vcloud:vdcGroup:51dedea2-c87c-4fb0-9073-b2f5f343f250"
          },
          "sensitive_attributes": [],
          "private": "bnVsbA==",
          "dependencies": [
            "data.vcd_vdc_group.vdc_group"
          ]
        }
      ]
    },
    {
      "mode": "managed",
      "type": "vcd_nsxt_ip_set",
      "name": "set1",
      "provider": "provider[\"registry.terraform.io/vmware/vcd\"]",
      "instances": [
        {
          "schema_version": 0,
          "attributes": {
            "description": "IP Set for subnet of DEV",
            "edge_gateway_id": "urn:vcloud:gateway:b203e496-c6a0-459f-bfcc-5935da5b01ee",
            "id": "urn:vcloud:firewallGroup:7f24942b-e8eb-4ad3-ac9a-5be85cfc3d37",
            "ip_addresses": [
              "172.20.10.0/24",
              "172.20.20.0/24",
              "172.20.30.0/24"
            ],
            "name": "IPnew",
            "org": "ducnn30",
            "owner_id": "urn:vcloud:vdcGroup:51dedea2-c87c-4fb0-9073-b2f5f343f250",
            "vdc": null
          },
          "sensitive_attributes": [],
          "private": "bnVsbA==",
          "dependencies": [
            "data.vcd_nsxt_edgegateway.edgegateway"
          ]
        }
      ]
    },
    {
      "mode": "managed",
      "type": "vcd_nsxt_ip_set",
      "name": "set2",
      "provider": "provider[\"registry.terraform.io/vmware/vcd\"]",
      "instances": [
        {
          "schema_version": 0,
          "attributes": {
            "description": "Trusted IP Set for subnet of DEV",
            "edge_gateway_id": "urn:vcloud:gateway:b203e496-c6a0-459f-bfcc-5935da5b01ee",
            "id": "urn:vcloud:firewallGroup:29333379-af11-4cde-9377-bc27489335c5",
            "ip_addresses": [
              "103.160.79.202",
              "103.160.79.246",
              "172.20.10.4"
            ],
            "name": "TrustedIP",
            "org": "ducnn30",
            "owner_id": "urn:vcloud:vdcGroup:51dedea2-c87c-4fb0-9073-b2f5f343f250",
            "vdc": null
          },
          "sensitive_attributes": [],
          "private": "bnVsbA==",
          "dependencies": [
            "data.vcd_nsxt_edgegateway.edgegateway"
          ]
        }
      ]
    },
    {
      "mode": "managed",
      "type": "vcd_nsxt_nat_rule",
      "name": "dnat",
      "provider": "provider[\"registry.terraform.io/vmware/vcd\"]",
      "instances": [
        {
          "schema_version": 0,
          "attributes": {
            "app_port_profile_id": null,
            "description": "",
            "dnat_external_port": "",
            "edge_gateway_id": "urn:vcloud:gateway:b203e496-c6a0-459f-bfcc-5935da5b01ee",
            "enabled": true,
            "external_address": "103.160.79.202",
            "firewall_match": "MATCH_INTERNAL_ADDRESS",
            "id": "bd46fdec-437f-4d2a-aaa0-dc1fa6e6c51e",
            "internal_address": "172.20.10.1",
            "logging": false,
            "name": "DNAT",
            "org": "ducnn30",
            "priority": 0,
            "rule_type": "DNAT",
            "snat_destination_address": "",
            "vdc": null
          },
          "sensitive_attributes": [],
          "private": "bnVsbA==",
          "dependencies": [
            "data.vcd_nsxt_edgegateway.edgegateway"
          ]
        }
      ]
    },
    {
      "mode": "managed",
      "type": "vcd_nsxt_nat_rule",
      "name": "snat1",
      "provider": "provider[\"registry.terraform.io/vmware/vcd\"]",
      "instances": [
        {
          "schema_version": 0,
          "attributes": {
            "app_port_profile_id": null,
            "description": "",
            "dnat_external_port": "",
            "edge_gateway_id": "urn:vcloud:gateway:b203e496-c6a0-459f-bfcc-5935da5b01ee",
            "enabled": true,
            "external_address": "103.160.79.202",
            "firewall_match": "MATCH_INTERNAL_ADDRESS",
            "id": "44732b55-4e9a-4788-a6e1-2e183e257a7e",
            "internal_address": "172.20.10.0/24",
            "logging": false,
            "name": "SNAT_DEV",
            "org": "ducnn30",
            "priority": 0,
            "rule_type": "SNAT",
            "snat_destination_address": "8.8.8.8",
            "vdc": null
          },
          "sensitive_attributes": [],
          "private": "bnVsbA==",
          "dependencies": [
            "data.vcd_nsxt_edgegateway.edgegateway"
          ]
        }
      ]
    },
    {
      "mode": "managed",
      "type": "vcd_nsxt_nat_rule",
      "name": "snat2",
      "provider": "provider[\"registry.terraform.io/vmware/vcd\"]",
      "instances": [
        {
          "schema_version": 0,
          "attributes": {
            "app_port_profile_id": null,
            "description": "",
            "dnat_external_port": "",
            "edge_gateway_id": "urn:vcloud:gateway:b203e496-c6a0-459f-bfcc-5935da5b01ee",
            "enabled": true,
            "external_address": "103.160.79.202",
            "firewall_match": "MATCH_INTERNAL_ADDRESS",
            "id": "7247d45b-1603-4352-b5cd-45fe979f8f13",
            "internal_address": "172.20.10.0/24",
            "logging": false,
            "name": "SNAT_STG",
            "org": "ducnn30",
            "priority": 0,
            "rule_type": "SNAT",
            "snat_destination_address": "8.8.8.8",
            "vdc": null
          },
          "sensitive_attributes": [],
          "private": "bnVsbA==",
          "dependencies": [
            "data.vcd_nsxt_edgegateway.edgegateway"
          ]
        }
      ]
    },
    {
      "mode": "managed",
      "type": "vcd_vapp_network",
      "name": "vappNet1",
      "provider": "provider[\"registry.terraform.io/vmware/vcd\"]",
      "instances": [
        {
          "schema_version": 0,
          "attributes": {
            "description": "",
            "dhcp_pool": [],
            "dns1": "172.20.10.1",
            "dns2": "172.20.10.2",
            "dns_suffix": "",
            "gateway": "172.20.10.1",
            "guest_vlan_allowed": true,
            "id": "urn:vcloud:network:4bb178dc-4ea3-4e54-a721-8e705e7e2a3f",
            "name": "subnet1-external",
            "netmask": "255.255.255.0",
            "org": "ducnn30",
            "org_network_name": "",
            "prefix_length": "24",
            "reboot_vapp_on_removal": false,
            "retain_ip_mac_enabled": false,
            "static_ip_pool": [
              {
                "end_address": "172.20.10.100",
                "start_address": "172.20.10.51"
              }
            ],
            "vapp_name": "DEV",
            "vdc": "VPC-ducnn30"
          },
          "sensitive_attributes": [],
          "private": "bnVsbA==",
          "dependencies": [
            "data.vcd_vapp.vapp1"
          ]
        }
      ]
    },
    {
      "mode": "managed",
      "type": "vcd_vapp_network",
      "name": "vappNet2",
      "provider": "provider[\"registry.terraform.io/vmware/vcd\"]",
      "instances": [
        {
          "schema_version": 0,
          "attributes": {
            "description": "",
            "dhcp_pool": [],
            "dns1": "172.20.20.1",
            "dns2": "172.20.20.2",
            "dns_suffix": "",
            "gateway": "172.20.20.1",
            "guest_vlan_allowed": true,
            "id": "urn:vcloud:network:dae8cb65-41fd-4cdb-bf2c-590166da5a15",
            "name": "subnet2-internal",
            "netmask": "255.255.255.0",
            "org": "ducnn30",
            "org_network_name": "",
            "prefix_length": "24",
            "reboot_vapp_on_removal": false,
            "retain_ip_mac_enabled": false,
            "static_ip_pool": [
              {
                "end_address": "172.20.20.100",
                "start_address": "172.20.20.51"
              }
            ],
            "vapp_name": "DEV",
            "vdc": "VPC-ducnn30"
          },
          "sensitive_attributes": [],
          "private": "bnVsbA==",
          "dependencies": [
            "data.vcd_vapp.vapp1"
          ]
        }
      ]
    },
    {
      "mode": "managed",
      "type": "vcd_vapp_network",
      "name": "vappNet3",
      "provider": "provider[\"registry.terraform.io/vmware/vcd\"]",
      "instances": [
        {
          "schema_version": 0,
          "attributes": {
            "description": "",
            "dhcp_pool": [],
            "dns1": "172.20.30.1",
            "dns2": "172.20.30.2",
            "dns_suffix": "",
            "gateway": "172.20.30.1",
            "guest_vlan_allowed": true,
            "id": "urn:vcloud:network:a74874b5-4c2a-4b4d-9ee9-f2ac2a3317ca",
            "name": "subnet3-internal",
            "netmask": "255.255.255.0",
            "org": "ducnn30",
            "org_network_name": "",
            "prefix_length": "24",
            "reboot_vapp_on_removal": false,
            "retain_ip_mac_enabled": false,
            "static_ip_pool": [
              {
                "end_address": "172.20.30.100",
                "start_address": "172.20.30.51"
              }
            ],
            "vapp_name": "DEV",
            "vdc": "VPC-ducnn30"
          },
          "sensitive_attributes": [],
          "private": "bnVsbA==",
          "dependencies": [
            "data.vcd_vapp.vapp1"
          ]
        }
      ]
    },
    {
      "mode": "managed",
      "type": "vcd_vapp_network",
      "name": "vappNet4",
      "provider": "provider[\"registry.terraform.io/vmware/vcd\"]",
      "instances": [
        {
          "schema_version": 0,
          "attributes": {
            "description": "",
            "dhcp_pool": [],
            "dns1": "100.100.10.1",
            "dns2": "100.100.10.2",
            "dns_suffix": "",
            "gateway": "100.100.10.1",
            "guest_vlan_allowed": true,
            "id": "urn:vcloud:network:74121d46-cadb-491c-bbc4-0d3df8bbe839",
            "name": "subnet1-external",
            "netmask": "255.255.255.0",
            "org": "ducnn30",
            "org_network_name": "",
            "prefix_length": "24",
            "reboot_vapp_on_removal": false,
            "retain_ip_mac_enabled": false,
            "static_ip_pool": [
              {
                "end_address": "100.100.10.100",
                "start_address": "100.100.10.51"
              }
            ],
            "vapp_name": "PRD",
            "vdc": "VPC-ducnn30"
          },
          "sensitive_attributes": [],
          "private": "bnVsbA==",
          "dependencies": [
            "data.vcd_vapp.vapp3"
          ]
        }
      ]
    },
    {
      "mode": "managed",
      "type": "vcd_vapp_network",
      "name": "vappNet5",
      "provider": "provider[\"registry.terraform.io/vmware/vcd\"]",
      "instances": [
        {
          "schema_version": 0,
          "attributes": {
            "description": "",
            "dhcp_pool": [],
            "dns1": "100.100.20.1",
            "dns2": "100.100.20.2",
            "dns_suffix": "",
            "gateway": "100.100.20.1",
            "guest_vlan_allowed": true,
            "id": "urn:vcloud:network:070a9d5e-37da-4134-8d0c-dbda19120a23",
            "name": "subnet2-internal",
            "netmask": "255.255.255.0",
            "org": "ducnn30",
            "org_network_name": "",
            "prefix_length": "24",
            "reboot_vapp_on_removal": false,
            "retain_ip_mac_enabled": false,
            "static_ip_pool": [
              {
                "end_address": "100.100.20.100",
                "start_address": "100.100.20.51"
              }
            ],
            "vapp_name": "PRD",
            "vdc": "VPC-ducnn30"
          },
          "sensitive_attributes": [],
          "private": "bnVsbA==",
          "dependencies": [
            "data.vcd_vapp.vapp3"
          ]
        }
      ]
    },
    {
      "mode": "managed",
      "type": "vcd_vapp_network",
      "name": "vappNet6",
      "provider": "provider[\"registry.terraform.io/vmware/vcd\"]",
      "instances": [
        {
          "schema_version": 0,
          "attributes": {
            "description": "",
            "dhcp_pool": [],
            "dns1": "100.100.30.1",
            "dns2": "100.100.30.2",
            "dns_suffix": "",
            "gateway": "100.100.30.1",
            "guest_vlan_allowed": true,
            "id": "urn:vcloud:network:6239fa3d-1471-4cff-bf31-574f4649dd49",
            "name": "subnet3-internal",
            "netmask": "255.255.255.0",
            "org": "ducnn30",
            "org_network_name": "",
            "prefix_length": "24",
            "reboot_vapp_on_removal": false,
            "retain_ip_mac_enabled": false,
            "static_ip_pool": [
              {
                "end_address": "100.100.30.100",
                "start_address": "100.100.30.51"
              }
            ],
            "vapp_name": "PRD",
            "vdc": "VPC-ducnn30"
          },
          "sensitive_attributes": [],
          "private": "bnVsbA==",
          "dependencies": [
            "data.vcd_vapp.vapp3"
          ]
        }
      ]
    },
    {
      "mode": "managed",
      "type": "vcd_vapp_network",
      "name": "vappNet7",
      "provider": "provider[\"registry.terraform.io/vmware/vcd\"]",
      "instances": [
        {
          "schema_version": 0,
          "attributes": {
            "description": "",
            "dhcp_pool": [],
            "dns1": "192.168.10.1",
            "dns2": "192.168.10.2",
            "dns_suffix": "",
            "gateway": "192.168.10.1",
            "guest_vlan_allowed": true,
            "id": "urn:vcloud:network:f390d9e4-e4c8-4044-933a-e3bd4cb1caea",
            "name": "subnet1",
            "netmask": "255.255.255.0",
            "org": "ducnn30",
            "org_network_name": "",
            "prefix_length": "24",
            "reboot_vapp_on_removal": false,
            "retain_ip_mac_enabled": false,
            "static_ip_pool": [
              {
                "end_address": "192.168.10.100",
                "start_address": "192.168.10.51"
              }
            ],
            "vapp_name": "STG",
            "vdc": "VPC-ducnn30"
          },
          "sensitive_attributes": [],
          "private": "bnVsbA==",
          "dependencies": [
            "data.vcd_vapp.vapp2"
          ]
        }
      ]
    },
    {
      "mode": "managed",
      "type": "vcd_vapp_network",
      "name": "vappNet8",
      "provider": "provider[\"registry.terraform.io/vmware/vcd\"]",
      "instances": [
        {
          "schema_version": 0,
          "attributes": {
            "description": "",
            "dhcp_pool": [],
            "dns1": "192.168.20.1",
            "dns2": "192.168.20.2",
            "dns_suffix": "",
            "gateway": "192.168.20.1",
            "guest_vlan_allowed": true,
            "id": "urn:vcloud:network:dc7d9a02-2311-4f05-9cac-85853f739d76",
            "name": "subnet2",
            "netmask": "255.255.255.0",
            "org": "ducnn30",
            "org_network_name": "",
            "prefix_length": "24",
            "reboot_vapp_on_removal": false,
            "retain_ip_mac_enabled": false,
            "static_ip_pool": [
              {
                "end_address": "192.168.20.100",
                "start_address": "192.168.20.51"
              }
            ],
            "vapp_name": "STG",
            "vdc": "VPC-ducnn30"
          },
          "sensitive_attributes": [],
          "private": "bnVsbA==",
          "dependencies": [
            "data.vcd_vapp.vapp2"
          ]
        }
      ]
    },
    {
      "mode": "managed",
      "type": "vcd_vapp_network",
      "name": "vappNet9",
      "provider": "provider[\"registry.terraform.io/vmware/vcd\"]",
      "instances": [
        {
          "schema_version": 0,
          "attributes": {
            "description": "",
            "dhcp_pool": [],
            "dns1": "192.168.30.1",
            "dns2": "192.168.30.2",
            "dns_suffix": "",
            "gateway": "192.168.30.1",
            "guest_vlan_allowed": true,
            "id": "urn:vcloud:network:0a20bdf1-90f8-46d2-89ac-984d5828e8fc",
            "name": "subnet3",
            "netmask": "255.255.255.0",
            "org": "ducnn30",
            "org_network_name": "",
            "prefix_length": "24",
            "reboot_vapp_on_removal": false,
            "retain_ip_mac_enabled": false,
            "static_ip_pool": [
              {
                "end_address": "192.168.30.100",
                "start_address": "192.168.30.51"
              }
            ],
            "vapp_name": "STG",
            "vdc": "VPC-ducnn30"
          },
          "sensitive_attributes": [],
          "private": "bnVsbA==",
          "dependencies": [
            "data.vcd_vapp.vapp2"
          ]
        }
      ]
    }
  ],
  "check_results": null
}
